<?xml version="1.0" encoding="utf-8"?>
<Project ToolsVersion="4.0" xmlns="http://schemas.microsoft.com/developer/msbuild/2003">
  <ItemGroup>
    <Filter Include="Source Files">
      <UniqueIdentifier>{bde6d39d-8b02-4f0a-b1a0-9f918d6be093}</UniqueIdentifier>
      <Extensions>cpp;c;cxx;def;odl;idl;hpj;bat;asm</Extensions>
    </Filter>
    <Filter Include="Header Files">
      <UniqueIdentifier>{d46617fc-2ab1-442c-9779-e2ae6d018c75}</UniqueIdentifier>
      <Extensions>h;hpp;hxx;hm;inl;inc</Extensions>
    </Filter>
    <Filter Include="Resource Files">
      <UniqueIdentifier>{3c0c4e55-1e84-4f09-8913-09adb924f652}</UniqueIdentifier>
      <Extensions>rc;ico;cur;bmp;dlg;rc2;rct;bin;rgs;jpg;jpeg;jpe;manifest</Extensions>
    </Filter>
    <Filter Include="mousecapture">
      <UniqueIdentifier>{11122dfb-4f73-48b5-892d-1efe786c3779}</UniqueIdentifier>
    </Filter>
  </ItemGroup>
  <ItemGroup>
    <ClCompile Include="stdafx.cpp">
      <Filter>Source Files</Filter>
    </ClCompile>
    <ClCompile Include="CursorCapture.cpp">
      <Filter>Source Files</Filter>
    </ClCompile>
    <ClCompile Include="MainFrm.cpp">
      <Filter>Source Files</Filter>
    </ClCompile>
    <ClCompile Include="CursorCaptureView.cpp">
      <Filter>Source Files</Filter>
    </ClCompile>
    <ClCompile Include="AboutDlg.cpp">
      <Filter>Source Files</Filter>
    </ClCompile>
    <ClCompile Include="CapturedCursor.cpp">
      <Filter>mousecapture</Filter>
    </ClCompile>
    <ClCompile Include="MouseCapturer.cpp">
      <Filter>mousecapture</Filter>
    </ClCompile>
    <ClCompile Include="crc64.cpp">
      <Filter>mousecapture</Filter>
    </ClCompile>
  </ItemGroup>
  <ItemGroup>
    <ClInclude Include="stdafx.h">
      <Filter>Header Files</Filter>
    </ClInclude>
    <ClInclude Include="MainFrm.h">
      <Filter>Header Files</Filter>
    </ClInclude>
    <ClInclude Include="CursorCaptureView.h">
      <Filter>Header Files</Filter>
    </ClInclude>
    <ClInclude Include="AboutDlg.h">
      <Filter>Header Files</Filter>
    </ClInclude>
    <ClInclude Include="resource.h">
      <Filter>Header Files</Filter>
    </ClInclude>
    <ClInclude Include="CapturedCursor.h">
      <Filter>mousecapture</Filter>
    </ClInclude>
    <ClInclude Include="MouseCapturer.h">
      <Filter>mousecapture</Filter>
    </ClInclude>
    <ClInclude Include="crc64.h">
      <Filter>mousecapture</Filter>
    </ClInclude>
    <ClInclude Include="CapturedCursor_fwd.h">
      <Filter>Header Files</Filter>
    </ClInclude>
  </ItemGroup>
  <ItemGroup>
    <ResourceCompile Include="CursorCapture.rc">
      <Filter>Resource Files</Filter>
    </ResourceCompile>
  </ItemGroup>
  <ItemGroup>
    <Image Include="res\toolbar.bmp">
      <Filter>Resource Files</Filter>
    </Image>
    <Image Include="res\CursorCapture.ico">
      <Filter>Resource Files</Filter>
    </Image>
  </ItemGroup>
  <ItemGroup>
    <None Include="arrow.cur">
      <Filter>Resource Files</Filter>
    </None>
    <None Include="res\cursor1.cur">
      <Filter>Resource Files</Filter>
    </None>
    <None Include="res\cursor2.cur">
      <Filter>Resource Files</Filter>
    </None>
    <None Include="res\aero_arrow.cur">
      <Filter>Resource Files</Filter>
    </None>
    <None Include="res\arrow_i.cur">
      <Filter>Resource Files</Filter>
    </None>
    <None Include="res\beam_i.cur">
      <Filter>Resource Files</Filter>
    </None>
    <None Include="res\cursor4.cur">
      <Filter>Resource Files</Filter>
    </None>
    <None Include="res\beam_il.cur">
      <Filter>Resource Files</Filter>
    </None>
    <None Include="res\beam_im.cur">
      <Filter>Resource Files</Filter>
    </None>
    <None Include="res\cursor5.cur">
      <Filter>Resource Files</Filter>
    </None>
    <None Include="res\beam_l.cur">
      <Filter>Resource Files</Filter>
    </None>
    <None Include="res\beam_m.cur">
      <Filter>Resource Files</Filter>
    </None>
    <None Include="res\beam_r.cur">
      <Filter>Resource Files</Filter>
    </None>
    <None Include="res\beam_rl.cur">
      <Filter>Resource Files</Filter>
    </None>
    <None Include="res\beam_rm.cur">
      <Filter>Resource Files</Filter>
    </None>
    <None Include="res\cross_i.cur">
      <Filter>Resource Files</Filter>
    </None>
    <None Include="res\cross_il.cur">
      <Filter>Resource Files</Filter>
    </None>
    <None Include="res\cross_im.cur">
      <Filter>Resource Files</Filter>
    </None>
  </ItemGroup>
</Project>